
Microsoft Visual Studio Solution File, Format Version 12.00
# Visual Studio Version 17
VisualStudioVersion = 17.12.35527.113 d17.12
MinimumVisualStudioVersion = 10.0.40219.1
Project("{FAE04EC0-301F-11D3-BF4B-00C04F79EFBC}") = "ProductDatabaseConnectionApp", "ProductDatabaseConnectionApp\ProductDatabaseConnectionApp.csproj", "{DAE47209-4301-4096-8367-94D9FB7DDCFB}"
EndProject
Global
	GlobalSection(SolutionConfigurationPlatforms) = preSolution
		Debug|Any CPU = Debug|Any CPU
		Release|Any CPU = Release|Any CPU
	EndGlobalSection
	GlobalSection(ProjectConfigurationPlatforms) = postSolution
		{DAE47209-4301-4096-8367-94D9FB7DDCFB}.Debug|Any CPU.ActiveCfg = Debug|Any CPU
		{DAE47209-4301-4096-8367-94D9FB7DDCFB}.Debug|Any CPU.Build.0 = Debug|Any CPU
		{DAE47209-4301-4096-8367-94D9FB7DDCFB}.Release|Any CPU.ActiveCfg = Release|Any CPU
		{DAE47209-4301-4096-8367-94D9FB7DDCFB}.Release|Any CPU.Build.0 = Release|Any CPU
	EndGlobalSection
	GlobalSection(SolutionProperties) = preSolution
		HideSolutionNode = FALSE
	EndGlobalSection
EndGlobal
