
Microsoft Visual Studio Solution File, Format Version 12.00
# Visual Studio Version 17
VisualStudioVersion = 17.12.35527.113 d17.12
MinimumVisualStudioVersion = 10.0.40219.1
Project("{FAE04EC0-301F-11D3-BF4B-00C04F79EFBC}") = "AdjacentElementsProducts", "AdjacentElementsProducts\AdjacentElementsProducts.csproj", "{EA54C163-F5E7-4974-A8C6-6DDC6CCE61DD}"
EndProject
Global
	GlobalSection(SolutionConfigurationPlatforms) = preSolution
		Debug|Any CPU = Debug|Any CPU
		Release|Any CPU = Release|Any CPU
	EndGlobalSection
	GlobalSection(ProjectConfigurationPlatforms) = postSolution
		{EA54C163-F5E7-4974-A8C6-6DDC6CCE61DD}.Debug|Any CPU.ActiveCfg = Debug|Any CPU
		{EA54C163-F5E7-4974-A8C6-6DDC6CCE61DD}.Debug|Any CPU.Build.0 = Debug|Any CPU
		{EA54C163-F5E7-4974-A8C6-6DDC6CCE61DD}.Release|Any CPU.ActiveCfg = Release|Any CPU
		{EA54C163-F5E7-4974-A8C6-6DDC6CCE61DD}.Release|Any CPU.Build.0 = Release|Any CPU
	EndGlobalSection
	GlobalSection(SolutionProperties) = preSolution
		HideSolutionNode = FALSE
	EndGlobalSection
EndGlobal
