
Microsoft Visual Studio Solution File, Format Version 12.00
# Visual Studio Version 17
VisualStudioVersion = 17.12.35527.113
MinimumVisualStudioVersion = 10.0.40219.1
Project("{2150E333-8FDC-42A3-9474-1A3956D46DE8}") = "BusinessLayer", "BusinessLayer", "{669A487E-02F8-4517-AB46-3EFAD0A7D0E7}"
EndProject
Project("{2150E333-8FDC-42A3-9474-1A3956D46DE8}") = "PresentationLayer", "PresentationLayer", "{07142744-6915-4790-A975-89489E3BA59B}"
EndProject
Project("{FAE04EC0-301F-11D3-BF4B-00C04F79EFBC}") = "TodoCommonLib", "TodoCommonLib\TodoCommonLib.csproj", "{DC7E5D75-D4DE-410F-B8C1-093FCB9451C2}"
EndProject
Project("{FAE04EC0-301F-11D3-BF4B-00C04F79EFBC}") = "TodoSerializer", "TodoPresentationLayer\TodoSerializer.csproj", "{22B6D2A3-0309-4F49-B567-FC8659B8E12B}"
EndProject
Project("{FAE04EC0-301F-11D3-BF4B-00C04F79EFBC}") = "TodoDeserializer", "TodoDeserializer\TodoDeserializer.csproj", "{3A218793-6940-4B41-A777-9D76A65E7B9C}"
EndProject
Global
	GlobalSection(SolutionConfigurationPlatforms) = preSolution
		Debug|Any CPU = Debug|Any CPU
		Release|Any CPU = Release|Any CPU
	EndGlobalSection
	GlobalSection(ProjectConfigurationPlatforms) = postSolution
		{DC7E5D75-D4DE-410F-B8C1-093FCB9451C2}.Debug|Any CPU.ActiveCfg = Debug|Any CPU
		{DC7E5D75-D4DE-410F-B8C1-093FCB9451C2}.Debug|Any CPU.Build.0 = Debug|Any CPU
		{DC7E5D75-D4DE-410F-B8C1-093FCB9451C2}.Release|Any CPU.ActiveCfg = Release|Any CPU
		{DC7E5D75-D4DE-410F-B8C1-093FCB9451C2}.Release|Any CPU.Build.0 = Release|Any CPU
		{22B6D2A3-0309-4F49-B567-FC8659B8E12B}.Debug|Any CPU.ActiveCfg = Debug|Any CPU
		{22B6D2A3-0309-4F49-B567-FC8659B8E12B}.Debug|Any CPU.Build.0 = Debug|Any CPU
		{22B6D2A3-0309-4F49-B567-FC8659B8E12B}.Release|Any CPU.ActiveCfg = Release|Any CPU
		{22B6D2A3-0309-4F49-B567-FC8659B8E12B}.Release|Any CPU.Build.0 = Release|Any CPU
		{3A218793-6940-4B41-A777-9D76A65E7B9C}.Debug|Any CPU.ActiveCfg = Debug|Any CPU
		{3A218793-6940-4B41-A777-9D76A65E7B9C}.Debug|Any CPU.Build.0 = Debug|Any CPU
		{3A218793-6940-4B41-A777-9D76A65E7B9C}.Release|Any CPU.ActiveCfg = Release|Any CPU
		{3A218793-6940-4B41-A777-9D76A65E7B9C}.Release|Any CPU.Build.0 = Release|Any CPU
	EndGlobalSection
	GlobalSection(SolutionProperties) = preSolution
		HideSolutionNode = FALSE
	EndGlobalSection
	GlobalSection(NestedProjects) = preSolution
		{DC7E5D75-D4DE-410F-B8C1-093FCB9451C2} = {669A487E-02F8-4517-AB46-3EFAD0A7D0E7}
		{22B6D2A3-0309-4F49-B567-FC8659B8E12B} = {07142744-6915-4790-A975-89489E3BA59B}
		{3A218793-6940-4B41-A777-9D76A65E7B9C} = {07142744-6915-4790-A975-89489E3BA59B}
	EndGlobalSection
EndGlobal
