
Microsoft Visual Studio Solution File, Format Version 12.00
# Visual Studio Version 17
VisualStudioVersion = 17.12.35527.113 d17.12
MinimumVisualStudioVersion = 10.0.40219.1
Project("{FAE04EC0-301F-11D3-BF4B-00C04F79EFBC}") = "UserNameValidationUsingAjax", "UserNameValidationUsingAjax\UserNameValidationUsingAjax.csproj", "{586B8BB1-B7E6-4ACD-934E-89462B217CEA}"
EndProject
Global
	GlobalSection(SolutionConfigurationPlatforms) = preSolution
		Debug|Any CPU = Debug|Any CPU
		Release|Any CPU = Release|Any CPU
	EndGlobalSection
	GlobalSection(ProjectConfigurationPlatforms) = postSolution
		{586B8BB1-B7E6-4ACD-934E-89462B217CEA}.Debug|Any CPU.ActiveCfg = Debug|Any CPU
		{586B8BB1-B7E6-4ACD-934E-89462B217CEA}.Debug|Any CPU.Build.0 = Debug|Any CPU
		{586B8BB1-B7E6-4ACD-934E-89462B217CEA}.Release|Any CPU.ActiveCfg = Release|Any CPU
		{586B8BB1-B7E6-4ACD-934E-89462B217CEA}.Release|Any CPU.Build.0 = Release|Any CPU
	EndGlobalSection
	GlobalSection(SolutionProperties) = preSolution
		HideSolutionNode = FALSE
	EndGlobalSection
EndGlobal
