
Microsoft Visual Studio Solution File, Format Version 12.00
# Visual Studio Version 17
VisualStudioVersion = 17.12.35527.113 d17.12
MinimumVisualStudioVersion = 10.0.40219.1
Project("{2150E333-8FDC-42A3-9474-1A3956D46DE8}") = "BusinessLayer", "BusinessLayer", "{69C2A5F1-3B80-4504-85FF-7E11BA1DD6A2}"
EndProject
Project("{2150E333-8FDC-42A3-9474-1A3956D46DE8}") = "PresentationLayer", "PresentationLayer", "{62191AEF-71C9-4A90-BC87-E730DB343F3D}"
EndProject
Project("{FAE04EC0-301F-11D3-BF4B-00C04F79EFBC}") = "CORCommonLib", "CORCommonLib\CORCommonLib.csproj", "{C7D1128A-3574-4ADF-B111-20A416BF325A}"
EndProject
Project("{FAE04EC0-301F-11D3-BF4B-00C04F79EFBC}") = "HandlerConsoleApp", "HandlerConsoleApp\HandlerConsoleApp.csproj", "{9B2C8131-EED9-4EDE-AA9A-421FDC778901}"
EndProject
Global
	GlobalSection(SolutionConfigurationPlatforms) = preSolution
		Debug|Any CPU = Debug|Any CPU
		Release|Any CPU = Release|Any CPU
	EndGlobalSection
	GlobalSection(ProjectConfigurationPlatforms) = postSolution
		{C7D1128A-3574-4ADF-B111-20A416BF325A}.Debug|Any CPU.ActiveCfg = Debug|Any CPU
		{C7D1128A-3574-4ADF-B111-20A416BF325A}.Debug|Any CPU.Build.0 = Debug|Any CPU
		{C7D1128A-3574-4ADF-B111-20A416BF325A}.Release|Any CPU.ActiveCfg = Release|Any CPU
		{C7D1128A-3574-4ADF-B111-20A416BF325A}.Release|Any CPU.Build.0 = Release|Any CPU
		{9B2C8131-EED9-4EDE-AA9A-421FDC778901}.Debug|Any CPU.ActiveCfg = Debug|Any CPU
		{9B2C8131-EED9-4EDE-AA9A-421FDC778901}.Debug|Any CPU.Build.0 = Debug|Any CPU
		{9B2C8131-EED9-4EDE-AA9A-421FDC778901}.Release|Any CPU.ActiveCfg = Release|Any CPU
		{9B2C8131-EED9-4EDE-AA9A-421FDC778901}.Release|Any CPU.Build.0 = Release|Any CPU
	EndGlobalSection
	GlobalSection(SolutionProperties) = preSolution
		HideSolutionNode = FALSE
	EndGlobalSection
	GlobalSection(NestedProjects) = preSolution
		{C7D1128A-3574-4ADF-B111-20A416BF325A} = {69C2A5F1-3B80-4504-85FF-7E11BA1DD6A2}
		{9B2C8131-EED9-4EDE-AA9A-421FDC778901} = {62191AEF-71C9-4A90-BC87-E730DB343F3D}
	EndGlobalSection
EndGlobal
