
Microsoft Visual Studio Solution File, Format Version 12.00
# Visual Studio Version 17
VisualStudioVersion = 17.12.35527.113 d17.12
MinimumVisualStudioVersion = 10.0.40219.1
Project("{FAE04EC0-301F-11D3-BF4B-00C04F79EFBC}") = "ControllerStronglyTypedViews", "ControllerStronglyTypedViews\ControllerStronglyTypedViews.csproj", "{61920E02-4661-450C-B6B8-F4E458C3F317}"
EndProject
Global
	GlobalSection(SolutionConfigurationPlatforms) = preSolution
		Debug|Any CPU = Debug|Any CPU
		Release|Any CPU = Release|Any CPU
	EndGlobalSection
	GlobalSection(ProjectConfigurationPlatforms) = postSolution
		{61920E02-4661-450C-B6B8-F4E458C3F317}.Debug|Any CPU.ActiveCfg = Debug|Any CPU
		{61920E02-4661-450C-B6B8-F4E458C3F317}.Debug|Any CPU.Build.0 = Debug|Any CPU
		{61920E02-4661-450C-B6B8-F4E458C3F317}.Release|Any CPU.ActiveCfg = Release|Any CPU
		{61920E02-4661-450C-B6B8-F4E458C3F317}.Release|Any CPU.Build.0 = Release|Any CPU
	EndGlobalSection
	GlobalSection(SolutionProperties) = preSolution
		HideSolutionNode = FALSE
	EndGlobalSection
EndGlobal
