
Microsoft Visual Studio Solution File, Format Version 12.00
# Visual Studio Version 17
VisualStudioVersion = 17.12.35527.113 d17.12
MinimumVisualStudioVersion = 10.0.40219.1
Project("{FAE04EC0-301F-11D3-BF4B-00C04F79EFBC}") = "OutputArrayModify2", "OutputArrayModifty2\OutputArrayModify2.csproj", "{FAEF8466-DC76-41FA-98B4-F6EA6A6DE186}"
EndProject
Global
	GlobalSection(SolutionConfigurationPlatforms) = preSolution
		Debug|Any CPU = Debug|Any CPU
		Release|Any CPU = Release|Any CPU
	EndGlobalSection
	GlobalSection(ProjectConfigurationPlatforms) = postSolution
		{FAEF8466-DC76-41FA-98B4-F6EA6A6DE186}.Debug|Any CPU.ActiveCfg = Debug|Any CPU
		{FAEF8466-DC76-41FA-98B4-F6EA6A6DE186}.Debug|Any CPU.Build.0 = Debug|Any CPU
		{FAEF8466-DC76-41FA-98B4-F6EA6A6DE186}.Release|Any CPU.ActiveCfg = Release|Any CPU
		{FAEF8466-DC76-41FA-98B4-F6EA6A6DE186}.Release|Any CPU.Build.0 = Release|Any CPU
	EndGlobalSection
	GlobalSection(SolutionProperties) = preSolution
		HideSolutionNode = FALSE
	EndGlobalSection
EndGlobal
