
Microsoft Visual Studio Solution File, Format Version 12.00
# Visual Studio Version 17
VisualStudioVersion = 17.12.35527.113 d17.12
MinimumVisualStudioVersion = 10.0.40219.1
Project("{FAE04EC0-301F-11D3-BF4B-00C04F79EFBC}") = "EmployeeStreamReader", "EmployeeStreamReader\EmployeeStreamReader.csproj", "{9B173D31-1FBA-4F23-8BE2-4F99B2990AEE}"
EndProject
Global
	GlobalSection(SolutionConfigurationPlatforms) = preSolution
		Debug|Any CPU = Debug|Any CPU
		Release|Any CPU = Release|Any CPU
	EndGlobalSection
	GlobalSection(ProjectConfigurationPlatforms) = postSolution
		{9B173D31-1FBA-4F23-8BE2-4F99B2990AEE}.Debug|Any CPU.ActiveCfg = Debug|Any CPU
		{9B173D31-1FBA-4F23-8BE2-4F99B2990AEE}.Debug|Any CPU.Build.0 = Debug|Any CPU
		{9B173D31-1FBA-4F23-8BE2-4F99B2990AEE}.Release|Any CPU.ActiveCfg = Release|Any CPU
		{9B173D31-1FBA-4F23-8BE2-4F99B2990AEE}.Release|Any CPU.Build.0 = Release|Any CPU
	EndGlobalSection
	GlobalSection(SolutionProperties) = preSolution
		HideSolutionNode = FALSE
	EndGlobalSection
EndGlobal
