
Microsoft Visual Studio Solution File, Format Version 12.00
# Visual Studio Version 17
VisualStudioVersion = 17.12.35527.113 d17.12
MinimumVisualStudioVersion = 10.0.40219.1
Project("{2150E333-8FDC-42A3-9474-1A3956D46DE8}") = "BusinessLayer", "BusinessLayer", "{AD69E67F-DD02-4DAB-878E-871212E5F27B}"
EndProject
Project("{2150E333-8FDC-42A3-9474-1A3956D46DE8}") = "PresentationLayer", "PresentationLayer", "{94D927E3-13E4-453B-ACB1-C368ECF46B3D}"
EndProject
Project("{FAE04EC0-301F-11D3-BF4B-00C04F79EFBC}") = "EmployeeIteratorCommonLib", "EmployeeIteratorCommonLib\EmployeeIteratorCommonLib.csproj", "{8C4C072D-444C-4952-B874-4C519AD7E4A8}"
EndProject
Project("{FAE04EC0-301F-11D3-BF4B-00C04F79EFBC}") = "EmployeeIteratorConsoleApp", "EmployeeIteratorConsoleApp\EmployeeIteratorConsoleApp.csproj", "{3FB5AADF-4132-448D-9F65-7F20EB3CA75E}"
EndProject
Global
	GlobalSection(SolutionConfigurationPlatforms) = preSolution
		Debug|Any CPU = Debug|Any CPU
		Release|Any CPU = Release|Any CPU
	EndGlobalSection
	GlobalSection(ProjectConfigurationPlatforms) = postSolution
		{8C4C072D-444C-4952-B874-4C519AD7E4A8}.Debug|Any CPU.ActiveCfg = Debug|Any CPU
		{8C4C072D-444C-4952-B874-4C519AD7E4A8}.Debug|Any CPU.Build.0 = Debug|Any CPU
		{8C4C072D-444C-4952-B874-4C519AD7E4A8}.Release|Any CPU.ActiveCfg = Release|Any CPU
		{8C4C072D-444C-4952-B874-4C519AD7E4A8}.Release|Any CPU.Build.0 = Release|Any CPU
		{3FB5AADF-4132-448D-9F65-7F20EB3CA75E}.Debug|Any CPU.ActiveCfg = Debug|Any CPU
		{3FB5AADF-4132-448D-9F65-7F20EB3CA75E}.Debug|Any CPU.Build.0 = Debug|Any CPU
		{3FB5AADF-4132-448D-9F65-7F20EB3CA75E}.Release|Any CPU.ActiveCfg = Release|Any CPU
		{3FB5AADF-4132-448D-9F65-7F20EB3CA75E}.Release|Any CPU.Build.0 = Release|Any CPU
	EndGlobalSection
	GlobalSection(SolutionProperties) = preSolution
		HideSolutionNode = FALSE
	EndGlobalSection
	GlobalSection(NestedProjects) = preSolution
		{8C4C072D-444C-4952-B874-4C519AD7E4A8} = {AD69E67F-DD02-4DAB-878E-871212E5F27B}
		{3FB5AADF-4132-448D-9F65-7F20EB3CA75E} = {94D927E3-13E4-453B-ACB1-C368ECF46B3D}
	EndGlobalSection
EndGlobal
