
Microsoft Visual Studio Solution File, Format Version 12.00
# Visual Studio Version 17
VisualStudioVersion = 17.12.35527.113 d17.12
MinimumVisualStudioVersion = 10.0.40219.1
Project("{FAE04EC0-301F-11D3-BF4B-00C04F79EFBC}") = "ControllersAndActions", "ControllersAndActions\ControllersAndActions.csproj", "{F002D7E8-E97C-4EEB-8576-1ADBD78F8D88}"
EndProject
Global
	GlobalSection(SolutionConfigurationPlatforms) = preSolution
		Debug|Any CPU = Debug|Any CPU
		Release|Any CPU = Release|Any CPU
	EndGlobalSection
	GlobalSection(ProjectConfigurationPlatforms) = postSolution
		{F002D7E8-E97C-4EEB-8576-1ADBD78F8D88}.Debug|Any CPU.ActiveCfg = Debug|Any CPU
		{F002D7E8-E97C-4EEB-8576-1ADBD78F8D88}.Debug|Any CPU.Build.0 = Debug|Any CPU
		{F002D7E8-E97C-4EEB-8576-1ADBD78F8D88}.Release|Any CPU.ActiveCfg = Release|Any CPU
		{F002D7E8-E97C-4EEB-8576-1ADBD78F8D88}.Release|Any CPU.Build.0 = Release|Any CPU
	EndGlobalSection
	GlobalSection(SolutionProperties) = preSolution
		HideSolutionNode = FALSE
	EndGlobalSection
EndGlobal
