
Microsoft Visual Studio Solution File, Format Version 12.00
# Visual Studio Version 17
VisualStudioVersion = 17.12.35527.113 d17.12
MinimumVisualStudioVersion = 10.0.40219.1
Project("{FAE04EC0-301F-11D3-BF4B-00C04F79EFBC}") = "AccountCommonLib", "AccountCommonLib\AccountCommonLib.csproj", "{89427EC3-F36F-47E3-9729-13431B34C598}"
EndProject
Project("{FAE04EC0-301F-11D3-BF4B-00C04F79EFBC}") = "CustomExceptionHandlerApp", "CustomExceptionHandlerApp\CustomExceptionHandlerApp.csproj", "{13598DD0-C474-4AC9-816C-55124A7DAE87}"
EndProject
Global
	GlobalSection(SolutionConfigurationPlatforms) = preSolution
		Debug|Any CPU = Debug|Any CPU
		Release|Any CPU = Release|Any CPU
	EndGlobalSection
	GlobalSection(ProjectConfigurationPlatforms) = postSolution
		{89427EC3-F36F-47E3-9729-13431B34C598}.Debug|Any CPU.ActiveCfg = Debug|Any CPU
		{89427EC3-F36F-47E3-9729-13431B34C598}.Debug|Any CPU.Build.0 = Debug|Any CPU
		{89427EC3-F36F-47E3-9729-13431B34C598}.Release|Any CPU.ActiveCfg = Release|Any CPU
		{89427EC3-F36F-47E3-9729-13431B34C598}.Release|Any CPU.Build.0 = Release|Any CPU
		{13598DD0-C474-4AC9-816C-55124A7DAE87}.Debug|Any CPU.ActiveCfg = Debug|Any CPU
		{13598DD0-C474-4AC9-816C-55124A7DAE87}.Debug|Any CPU.Build.0 = Debug|Any CPU
		{13598DD0-C474-4AC9-816C-55124A7DAE87}.Release|Any CPU.ActiveCfg = Release|Any CPU
		{13598DD0-C474-4AC9-816C-55124A7DAE87}.Release|Any CPU.Build.0 = Release|Any CPU
	EndGlobalSection
	GlobalSection(SolutionProperties) = preSolution
		HideSolutionNode = FALSE
	EndGlobalSection
EndGlobal
