
Microsoft Visual Studio Solution File, Format Version 12.00
# Visual Studio Version 17
VisualStudioVersion = 17.12.35527.113 d17.12
MinimumVisualStudioVersion = 10.0.40219.1
Project("{FAE04EC0-301F-11D3-BF4B-00C04F79EFBC}") = "RegistrationFormValidationUsingJQuery", "RegistrationFormValidationUsingJQuery\RegistrationFormValidationUsingJQuery.csproj", "{D0D1C59E-5349-4341-9995-2B0F453F3A4C}"
EndProject
Global
	GlobalSection(SolutionConfigurationPlatforms) = preSolution
		Debug|Any CPU = Debug|Any CPU
		Release|Any CPU = Release|Any CPU
	EndGlobalSection
	GlobalSection(ProjectConfigurationPlatforms) = postSolution
		{D0D1C59E-5349-4341-9995-2B0F453F3A4C}.Debug|Any CPU.ActiveCfg = Debug|Any CPU
		{D0D1C59E-5349-4341-9995-2B0F453F3A4C}.Debug|Any CPU.Build.0 = Debug|Any CPU
		{D0D1C59E-5349-4341-9995-2B0F453F3A4C}.Release|Any CPU.ActiveCfg = Release|Any CPU
		{D0D1C59E-5349-4341-9995-2B0F453F3A4C}.Release|Any CPU.Build.0 = Release|Any CPU
	EndGlobalSection
	GlobalSection(SolutionProperties) = preSolution
		HideSolutionNode = FALSE
	EndGlobalSection
EndGlobal
